# generated by rye
# use `rye lock` or `rye sync` to update this lockfile
#
# last locked with the following flags:
#   pre: false
#   features: []
#   all-features: false
#   with-sources: false
#   generate-hashes: false

aiohttp==3.9.5
    # via pywebpush
aiosignal==1.3.1
    # via aiohttp
annotated-types==0.6.0
    # via pydantic
anyio==4.3.0
    # via httpx
asgiref==3.8.1
    # via django
    # via django-cors-headers
    # via django-htmx
attrs==23.2.0
    # via aiohttp
blurhash-python==1.2.2
boto3==1.34.102
    # via django-storages
botocore==1.34.102
    # via boto3
    # via s3transfer
cachetools==5.3.3
    # via google-auth
    # via pyld
certifi==2024.2.2
    # via httpcore
    # via httpx
    # via requests
    # via sentry-sdk
cffi==1.16.0
    # via blurhash-python
    # via cryptography
charset-normalizer==3.3.2
    # via requests
click==8.1.7
    # via rq
    # via uvicorn
cryptography==42.0.7
    # via http-ece
    # via py-vapid
    # via pywebpush
deepmerge==1.1.1
dj-database-url==2.1.0
django==4.2.13
    # via dj-database-url
    # via django-cors-headers
    # via django-debug-toolbar
    # via django-htmx
    # via django-storages
django-cache-url==3.4.5
django-cors-headers==4.3.1
django-debug-toolbar==4.3.0
django-htmx==1.17.3
django-storages==1.14.3
dnspython==2.6.1
    # via email-validator
email-validator==2.1.1
    # via pydantic
frozendict==2.4.4
    # via pyld
frozenlist==1.4.1
    # via aiohttp
    # via aiosignal
google-api-core==2.19.0
    # via google-cloud-core
    # via google-cloud-storage
google-auth==2.29.0
    # via google-api-core
    # via google-cloud-core
    # via google-cloud-storage
google-cloud-core==2.4.1
    # via google-cloud-storage
google-cloud-storage==2.16.0
    # via django-storages
google-crc32c==1.5.0
    # via google-cloud-storage
    # via google-resumable-media
google-resumable-media==2.7.0
    # via google-cloud-storage
googleapis-common-protos==1.63.0
    # via google-api-core
gunicorn==22.0.0
h11==0.14.0
    # via httpcore
    # via uvicorn
http-ece==1.2.0
    # via pywebpush
httpcore==1.0.5
    # via httpx
httpx==0.27.0
idna==3.7
    # via anyio
    # via email-validator
    # via httpx
    # via requests
    # via yarl
jmespath==1.0.1
    # via boto3
    # via botocore
lxml==5.2.1
    # via pyld
markdown-it-py==3.0.0
mdurl==0.1.2
    # via markdown-it-py
multidict==6.0.5
    # via aiohttp
    # via yarl
packaging==24.0
    # via gunicorn
pillow==10.3.0
    # via blurhash-python
proto-plus==1.23.0
    # via google-api-core
protobuf==4.25.3
    # via google-api-core
    # via googleapis-common-protos
    # via proto-plus
psycopg==3.1.19
psycopg-binary==3.1.19
    # via psycopg
py-vapid==1.9.0
    # via pywebpush
pyasn1==0.6.0
    # via pyasn1-modules
    # via rsa
pyasn1-modules==0.4.0
    # via google-auth
pycountry==23.12.11
pycparser==2.22
    # via cffi
pydantic==2.7.1
    # via pydantic-settings
pydantic-core==2.18.2
    # via pydantic
pydantic-settings==2.2.1
pyld==2.0.4
pymemcache==4.0.0
python-dateutil==2.9.0.post0
    # via botocore
python-dotenv==1.0.1
    # via pydantic-settings
pywebpush==2.0.0
redis==5.0.4
    # via rq
requests==2.31.0
    # via google-api-core
    # via google-cloud-storage
    # via pywebpush
rq==1.16.2
rsa==4.9
    # via google-auth
s3transfer==0.10.1
    # via boto3
sentry-sdk==2.1.1
six==1.16.0
    # via blurhash-python
    # via python-dateutil
    # via pywebpush
sniffio==1.3.1
    # via anyio
    # via httpx
sqlparse==0.5.0
    # via django
    # via django-debug-toolbar
typing-extensions==4.11.0
    # via dj-database-url
    # via psycopg
    # via pydantic
    # via pydantic-core
urllib3==2.2.1
    # via botocore
    # via requests
    # via sentry-sdk
urlman==2.0.1
uvicorn==0.29.0
whitenoise==6.6.0
yarl==1.9.4
    # via aiohttp
